{
  "version": 4,
  "terraform_version": "1.5.7",
  "serial": 174,
  "lineage": "2f58d1cb-1b15-2a70-74cb-4047e96fcda8",
  "outputs": {},
  "resources": [
    {
      "mode": "managed",
      "type": "google_bigquery_dataset",
      "name": "layers",
      "provider": "provider[\"registry.terraform.io/hashicorp/google\"]",
      "instances": [
        {
          "index_key": "intermediate",
          "schema_version": 0,
          "attributes": {
            "access": [
              {
                "condition": [],
                "dataset": [],
                "domain": "",
                "group_by_email": "",
                "iam_member": "",
                "role": "OWNER",
                "routine": [],
                "special_group": "",
                "user_by_email": "terraform-sa@heroic-footing-446621-d9.iam.gserviceaccount.com",
                "view": []
              },
              {
                "condition": [],
                "dataset": [],
                "domain": "",
                "group_by_email": "",
                "iam_member": "",
                "role": "OWNER",
                "routine": [],
                "special_group": "projectOwners",
                "user_by_email": "",
                "view": []
              },
              {
                "condition": [],
                "dataset": [],
                "domain": "",
                "group_by_email": "",
                "iam_member": "",
                "role": "READER",
                "routine": [],
                "special_group": "projectReaders",
                "user_by_email": "",
                "view": []
              },
              {
                "condition": [],
                "dataset": [],
                "domain": "",
                "group_by_email": "",
                "iam_member": "",
                "role": "WRITER",
                "routine": [],
                "special_group": "projectWriters",
                "user_by_email": "",
                "view": []
              }
            ],
            "creation_time": 1765832039164,
            "dataset_id": "intermediate",
            "default_collation": "",
            "default_encryption_configuration": [],
            "default_partition_expiration_ms": 0,
            "default_table_expiration_ms": 0,
            "delete_contents_on_destroy": true,
            "description": "",
            "effective_labels": {
              "env": "dev",
              "goog-terraform-provisioned": "true",
              "layer": "intermediate",
              "managed_by": "terraform"
            },
            "etag": "Q7Pfew8tRRUlEnADYUSiyw==",
            "external_catalog_dataset_options": [],
            "external_dataset_reference": [],
            "friendly_name": "",
            "id": "projects/heroic-footing-446621-d9/datasets/intermediate",
            "is_case_insensitive": false,
            "labels": {
              "env": "dev",
              "layer": "intermediate",
              "managed_by": "terraform"
            },
            "last_modified_time": 1765832039164,
            "location": "US",
            "max_time_travel_hours": "168",
            "project": "heroic-footing-446621-d9",
            "resource_tags": {},
            "self_link": "https://bigquery.googleapis.com/bigquery/v2/projects/heroic-footing-446621-d9/datasets/intermediate",
            "storage_billing_model": "",
            "terraform_labels": {
              "env": "dev",
              "goog-terraform-provisioned": "true",
              "layer": "intermediate",
              "managed_by": "terraform"
            },
            "timeouts": null
          },
          "sensitive_attributes": [],
          "private": "eyJlMmJmYjczMC1lY2FhLTExZTYtOGY4OC0zNDM2M2JjN2M0YzAiOnsiY3JlYXRlIjoxMjAwMDAwMDAwMDAwLCJkZWxldGUiOjEyMDAwMDAwMDAwMDAsInVwZGF0ZSI6MTIwMDAwMDAwMDAwMH19"
        },
        {
          "index_key": "mart",
          "schema_version": 0,
          "attributes": {
            "access": [
              {
                "condition": [],
                "dataset": [],
                "domain": "",
                "group_by_email": "",
                "iam_member": "",
                "role": "OWNER",
                "routine": [],
                "special_group": "",
                "user_by_email": "terraform-sa@heroic-footing-446621-d9.iam.gserviceaccount.com",
                "view": []
              },
              {
                "condition": [],
                "dataset": [],
                "domain": "",
                "group_by_email": "",
                "iam_member": "",
                "role": "OWNER",
                "routine": [],
                "special_group": "projectOwners",
                "user_by_email": "",
                "view": []
              },
              {
                "condition": [],
                "dataset": [],
                "domain": "",
                "group_by_email": "",
                "iam_member": "",
                "role": "READER",
                "routine": [],
                "special_group": "projectReaders",
                "user_by_email": "",
                "view": []
              },
              {
                "condition": [],
                "dataset": [],
                "domain": "",
                "group_by_email": "",
                "iam_member": "",
                "role": "WRITER",
                "routine": [],
                "special_group": "projectWriters",
                "user_by_email": "",
                "view": []
              }
            ],
            "creation_time": 1765832039161,
            "dataset_id": "mart",
            "default_collation": "",
            "default_encryption_configuration": [],
            "default_partition_expiration_ms": 0,
            "default_table_expiration_ms": 0,
            "delete_contents_on_destroy": true,
            "description": "",
            "effective_labels": {
              "env": "dev",
              "goog-terraform-provisioned": "true",
              "layer": "mart",
              "managed_by": "terraform"
            },
            "etag": "X+40SQ+87cgnZKa5fmUO3w==",
            "external_catalog_dataset_options": [],
            "external_dataset_reference": [],
            "friendly_name": "",
            "id": "projects/heroic-footing-446621-d9/datasets/mart",
            "is_case_insensitive": false,
            "labels": {
              "env": "dev",
              "layer": "mart",
              "managed_by": "terraform"
            },
            "last_modified_time": 1765832039161,
            "location": "US",
            "max_time_travel_hours": "168",
            "project": "heroic-footing-446621-d9",
            "resource_tags": {},
            "self_link": "https://bigquery.googleapis.com/bigquery/v2/projects/heroic-footing-446621-d9/datasets/mart",
            "storage_billing_model": "",
            "terraform_labels": {
              "env": "dev",
              "goog-terraform-provisioned": "true",
              "layer": "mart",
              "managed_by": "terraform"
            },
            "timeouts": null
          },
          "sensitive_attributes": [],
          "private": "eyJlMmJmYjczMC1lY2FhLTExZTYtOGY4OC0zNDM2M2JjN2M0YzAiOnsiY3JlYXRlIjoxMjAwMDAwMDAwMDAwLCJkZWxldGUiOjEyMDAwMDAwMDAwMDAsInVwZGF0ZSI6MTIwMDAwMDAwMDAwMH19"
        },
        {
          "index_key": "raw",
          "schema_version": 0,
          "attributes": {
            "access": [
              {
                "condition": [],
                "dataset": [],
                "domain": "",
                "group_by_email": "",
                "iam_member": "",
                "role": "OWNER",
                "routine": [],
                "special_group": "",
                "user_by_email": "terraform-sa@heroic-footing-446621-d9.iam.gserviceaccount.com",
                "view": []
              },
              {
                "condition": [],
                "dataset": [],
                "domain": "",
                "group_by_email": "",
                "iam_member": "",
                "role": "OWNER",
                "routine": [],
                "special_group": "projectOwners",
                "user_by_email": "",
                "view": []
              },
              {
                "condition": [],
                "dataset": [],
                "domain": "",
                "group_by_email": "",
                "iam_member": "",
                "role": "READER",
                "routine": [],
                "special_group": "projectReaders",
                "user_by_email": "",
                "view": []
              },
              {
                "condition": [],
                "dataset": [],
                "domain": "",
                "group_by_email": "",
                "iam_member": "",
                "role": "WRITER",
                "routine": [],
                "special_group": "",
                "user_by_email": "service-612551050440@gcp-sa-bigquerydatatransfer.iam.gserviceaccount.com",
                "view": []
              },
              {
                "condition": [],
                "dataset": [],
                "domain": "",
                "group_by_email": "",
                "iam_member": "",
                "role": "WRITER",
                "routine": [],
                "special_group": "projectWriters",
                "user_by_email": "",
                "view": []
              }
            ],
            "creation_time": 1765832039162,
            "dataset_id": "raw",
            "default_collation": "",
            "default_encryption_configuration": [],
            "default_partition_expiration_ms": 0,
            "default_table_expiration_ms": 0,
            "delete_contents_on_destroy": true,
            "description": "",
            "effective_labels": {
              "env": "dev",
              "goog-terraform-provisioned": "true",
              "layer": "raw",
              "managed_by": "terraform"
            },
            "etag": "V0rvGK/Jf5QR4yIwGLd0wQ==",
            "external_catalog_dataset_options": [],
            "external_dataset_reference": [],
            "friendly_name": "",
            "id": "projects/heroic-footing-446621-d9/datasets/raw",
            "is_case_insensitive": false,
            "labels": {
              "env": "dev",
              "layer": "raw",
              "managed_by": "terraform"
            },
            "last_modified_time": 1765832041114,
            "location": "US",
            "max_time_travel_hours": "168",
            "project": "heroic-footing-446621-d9",
            "resource_tags": {},
            "self_link": "https://bigquery.googleapis.com/bigquery/v2/projects/heroic-footing-446621-d9/datasets/raw",
            "storage_billing_model": "",
            "terraform_labels": {
              "env": "dev",
              "goog-terraform-provisioned": "true",
              "layer": "raw",
              "managed_by": "terraform"
            },
            "timeouts": null
          },
          "sensitive_attributes": [],
          "private": "eyJlMmJmYjczMC1lY2FhLTExZTYtOGY4OC0zNDM2M2JjN2M0YzAiOnsiY3JlYXRlIjoxMjAwMDAwMDAwMDAwLCJkZWxldGUiOjEyMDAwMDAwMDAwMDAsInVwZGF0ZSI6MTIwMDAwMDAwMDAwMH19"
        },
        {
          "index_key": "staging",
          "schema_version": 0,
          "attributes": {
            "access": [
              {
                "condition": [],
                "dataset": [],
                "domain": "",
                "group_by_email": "",
                "iam_member": "",
                "role": "OWNER",
                "routine": [],
                "special_group": "",
                "user_by_email": "terraform-sa@heroic-footing-446621-d9.iam.gserviceaccount.com",
                "view": []
              },
              {
                "condition": [],
                "dataset": [],
                "domain": "",
                "group_by_email": "",
                "iam_member": "",
                "role": "OWNER",
                "routine": [],
                "special_group": "projectOwners",
                "user_by_email": "",
                "view": []
              },
              {
                "condition": [],
                "dataset": [],
                "domain": "",
                "group_by_email": "",
                "iam_member": "",
                "role": "READER",
                "routine": [],
                "special_group": "projectReaders",
                "user_by_email": "",
                "view": []
              },
              {
                "condition": [],
                "dataset": [],
                "domain": "",
                "group_by_email": "",
                "iam_member": "",
                "role": "WRITER",
                "routine": [],
                "special_group": "projectWriters",
                "user_by_email": "",
                "view": []
              }
            ],
            "creation_time": 1765832039162,
            "dataset_id": "staging",
            "default_collation": "",
            "default_encryption_configuration": [],
            "default_partition_expiration_ms": 0,
            "default_table_expiration_ms": 0,
            "delete_contents_on_destroy": true,
            "description": "",
            "effective_labels": {
              "env": "dev",
              "goog-terraform-provisioned": "true",
              "layer": "staging",
              "managed_by": "terraform"
            },
            "etag": "pCooK3qk1QF7KaALfWgKWQ==",
            "external_catalog_dataset_options": [],
            "external_dataset_reference": [],
            "friendly_name": "",
            "id": "projects/heroic-footing-446621-d9/datasets/staging",
            "is_case_insensitive": false,
            "labels": {
              "env": "dev",
              "layer": "staging",
              "managed_by": "terraform"
            },
            "last_modified_time": 1765832039162,
            "location": "US",
            "max_time_travel_hours": "168",
            "project": "heroic-footing-446621-d9",
            "resource_tags": {},
            "self_link": "https://bigquery.googleapis.com/bigquery/v2/projects/heroic-footing-446621-d9/datasets/staging",
            "storage_billing_model": "",
            "terraform_labels": {
              "env": "dev",
              "goog-terraform-provisioned": "true",
              "layer": "staging",
              "managed_by": "terraform"
            },
            "timeouts": null
          },
          "sensitive_attributes": [],
          "private": "eyJlMmJmYjczMC1lY2FhLTExZTYtOGY4OC0zNDM2M2JjN2M0YzAiOnsiY3JlYXRlIjoxMjAwMDAwMDAwMDAwLCJkZWxldGUiOjEyMDAwMDAwMDAwMDAsInVwZGF0ZSI6MTIwMDAwMDAwMDAwMH19"
        }
      ]
    },
    {
      "mode": "managed",
      "type": "google_bigquery_table",
      "name": "mart_fees",
      "provider": "provider[\"registry.terraform.io/hashicorp/google\"]",
      "instances": [
        {
          "schema_version": 0,
          "attributes": {
            "biglake_configuration": [],
            "clustering": null,
            "creation_time": 1765904602353,
            "dataset_id": "mart",
            "deletion_protection": false,
            "description": "",
            "effective_labels": {
              "goog-terraform-provisioned": "true"
            },
            "encryption_configuration": [],
            "etag": "sJ1+7KIutWLsMAHlTVxOQw==",
            "expiration_time": 0,
            "external_catalog_table_options": [],
            "external_data_configuration": [],
            "friendly_name": "",
            "generated_schema_columns": "",
            "id": "projects/heroic-footing-446621-d9/datasets/mart/tables/fees_mart",
            "ignore_auto_generated_schema": false,
            "ignore_schema_changes": null,
            "labels": {},
            "last_modified_time": 1765977764279,
            "location": "US",
            "materialized_view": [],
            "max_staleness": "",
            "num_bytes": 0,
            "num_long_term_bytes": 0,
            "num_rows": 0,
            "project": "heroic-footing-446621-d9",
            "range_partitioning": [],
            "require_partition_filter": false,
            "resource_tags": {},
            "schema": "[{\"name\":\"client_id\",\"type\":\"STRING\"},{\"name\":\"client_nino\",\"type\":\"STRING\"},{\"name\":\"adviser_id\",\"type\":\"INTEGER\"},{\"name\":\"fee_date\",\"type\":\"DATE\"},{\"name\":\"fee_amount\",\"type\":\"NUMERIC\"},{\"name\":\"first_fee_date\",\"type\":\"DATE\"},{\"name\":\"month_since_first_payment\",\"type\":\"INTEGER\"},{\"mode\":\"NULLABLE\",\"name\":\"client_fee_amount_cumulative\",\"type\":\"NUMERIC\"},{\"mode\":\"NULLABLE\",\"name\":\"adviser_fee_amount_cumulative\",\"type\":\"NUMERIC\"},{\"name\":\"run_timestamp\",\"type\":\"TIMESTAMP\"}]",
            "schema_foreign_type_info": [],
            "self_link": "https://bigquery.googleapis.com/bigquery/v2/projects/heroic-footing-446621-d9/datasets/mart/tables/fees_mart",
            "table_constraints": [],
            "table_id": "fees_mart",
            "table_metadata_view": null,
            "table_replication_info": [],
            "terraform_labels": {
              "goog-terraform-provisioned": "true"
            },
            "time_partitioning": [
              {
                "expiration_ms": 0,
                "field": "fee_date",
                "require_partition_filter": false,
                "type": "DAY"
              }
            ],
            "type": "TABLE",
            "view": []
          },
          "sensitive_attributes": [],
          "private": "bnVsbA==",
          "dependencies": [
            "google_bigquery_dataset.layers"
          ]
        }
      ]
    },
    {
      "mode": "managed",
      "type": "google_bigquery_table",
      "name": "raw_fees",
      "provider": "provider[\"registry.terraform.io/hashicorp/google\"]",
      "instances": [
        {
          "schema_version": 0,
          "attributes": {
            "biglake_configuration": [],
            "clustering": null,
            "creation_time": 1765832039827,
            "dataset_id": "raw",
            "deletion_protection": false,
            "description": "",
            "effective_labels": {
              "goog-terraform-provisioned": "true"
            },
            "encryption_configuration": [],
            "etag": "T3fJ/wOVK1PJdyX+ultwQQ==",
            "expiration_time": 0,
            "external_catalog_table_options": [],
            "external_data_configuration": [],
            "friendly_name": "",
            "generated_schema_columns": "",
            "id": "projects/heroic-footing-446621-d9/datasets/raw/tables/fees",
            "ignore_auto_generated_schema": false,
            "ignore_schema_changes": null,
            "labels": {},
            "last_modified_time": 1765970061163,
            "location": "US",
            "materialized_view": [],
            "max_staleness": "",
            "num_bytes": 9202066,
            "num_long_term_bytes": 0,
            "num_rows": 103394,
            "project": "heroic-footing-446621-d9",
            "range_partitioning": [],
            "require_partition_filter": false,
            "resource_tags": {},
            "schema": "[{\"mode\":\"NULLABLE\",\"name\":\"client_id\",\"type\":\"STRING\"},{\"mode\":\"NULLABLE\",\"name\":\"client_nino\",\"type\":\"STRING\"},{\"mode\":\"NULLABLE\",\"name\":\"adviser_id\",\"type\":\"INTEGER\"},{\"mode\":\"NULLABLE\",\"name\":\"fee_date\",\"type\":\"DATE\"},{\"mode\":\"NULLABLE\",\"name\":\"fee_amount\",\"type\":\"NUMERIC\"}]",
            "schema_foreign_type_info": [],
            "self_link": "https://bigquery.googleapis.com/bigquery/v2/projects/heroic-footing-446621-d9/datasets/raw/tables/fees",
            "table_constraints": [],
            "table_id": "fees",
            "table_metadata_view": null,
            "table_replication_info": [],
            "terraform_labels": {
              "goog-terraform-provisioned": "true"
            },
            "time_partitioning": [
              {
                "expiration_ms": 0,
                "field": "",
                "require_partition_filter": false,
                "type": "DAY"
              }
            ],
            "type": "TABLE",
            "view": []
          },
          "sensitive_attributes": [],
          "private": "bnVsbA==",
          "dependencies": [
            "google_bigquery_dataset.layers"
          ]
        }
      ]
    },
    {
      "mode": "managed",
      "type": "google_bigquery_table",
      "name": "staging_fees",
      "provider": "provider[\"registry.terraform.io/hashicorp/google\"]",
      "instances": [
        {
          "schema_version": 0,
          "attributes": {
            "biglake_configuration": [],
            "clustering": null,
            "creation_time": 1765904602489,
            "dataset_id": "staging",
            "deletion_protection": false,
            "description": "",
            "effective_labels": {
              "goog-terraform-provisioned": "true"
            },
            "encryption_configuration": [],
            "etag": "Wbrgyg+WYcs+69ZOBUWhBQ==",
            "expiration_time": 0,
            "external_catalog_table_options": [],
            "external_data_configuration": [],
            "friendly_name": "",
            "generated_schema_columns": "",
            "id": "projects/heroic-footing-446621-d9/datasets/staging/tables/fees_staging",
            "ignore_auto_generated_schema": false,
            "ignore_schema_changes": null,
            "labels": {},
            "last_modified_time": 1765971005315,
            "location": "US",
            "materialized_view": [],
            "max_staleness": "",
            "num_bytes": 4884418,
            "num_long_term_bytes": 0,
            "num_rows": 30338,
            "project": "heroic-footing-446621-d9",
            "range_partitioning": [],
            "require_partition_filter": false,
            "resource_tags": {},
            "schema": "[{\"name\":\"client_id\",\"type\":\"STRING\"},{\"name\":\"client_nino\",\"type\":\"STRING\"},{\"name\":\"adviser_id\",\"type\":\"INTEGER\"},{\"name\":\"fee_date\",\"type\":\"DATE\"},{\"name\":\"raw_processed_timestamp\",\"type\":\"TIMESTAMP\"},{\"mode\":\"NULLABLE\",\"name\":\"fee_amount\",\"type\":\"NUMERIC\"},{\"name\":\"client_pk\",\"type\":\"STRING\"},{\"name\":\"run_timestamp\",\"type\":\"TIMESTAMP\"}]",
            "schema_foreign_type_info": [],
            "self_link": "https://bigquery.googleapis.com/bigquery/v2/projects/heroic-footing-446621-d9/datasets/staging/tables/fees_staging",
            "table_constraints": [],
            "table_id": "fees_staging",
            "table_metadata_view": null,
            "table_replication_info": [],
            "terraform_labels": {
              "goog-terraform-provisioned": "true"
            },
            "time_partitioning": [],
            "type": "TABLE",
            "view": []
          },
          "sensitive_attributes": [],
          "private": "bnVsbA==",
          "dependencies": [
            "google_bigquery_dataset.layers"
          ]
        }
      ]
    },
    {
      "mode": "managed",
      "type": "google_bigquery_table",
      "name": "transformed_fees",
      "provider": "provider[\"registry.terraform.io/hashicorp/google\"]",
      "instances": [
        {
          "schema_version": 0,
          "attributes": {
            "biglake_configuration": [],
            "clustering": null,
            "creation_time": 1765900748157,
            "dataset_id": "intermediate",
            "deletion_protection": false,
            "description": "",
            "effective_labels": {
              "goog-terraform-provisioned": "true"
            },
            "encryption_configuration": [],
            "etag": "TmqAnzaTJ6IMwYdMByfBRw==",
            "expiration_time": 0,
            "external_catalog_table_options": [],
            "external_data_configuration": [],
            "friendly_name": "",
            "generated_schema_columns": "",
            "id": "projects/heroic-footing-446621-d9/datasets/intermediate/tables/fees_transformed",
            "ignore_auto_generated_schema": false,
            "ignore_schema_changes": null,
            "labels": {},
            "last_modified_time": 1765965606901,
            "location": "US",
            "materialized_view": [],
            "max_staleness": "",
            "num_bytes": 4641714,
            "num_long_term_bytes": 0,
            "num_rows": 30338,
            "project": "heroic-footing-446621-d9",
            "range_partitioning": [],
            "require_partition_filter": false,
            "resource_tags": {},
            "schema": "[{\"name\":\"client_id\",\"type\":\"STRING\"},{\"name\":\"client_nino\",\"type\":\"STRING\"},{\"name\":\"adviser_id\",\"type\":\"INTEGER\"},{\"name\":\"fee_date\",\"type\":\"DATE\"},{\"name\":\"fee_amount\",\"type\":\"NUMERIC\"},{\"name\":\"client_pk\",\"type\":\"STRING\"},{\"name\":\"run_timestamp\",\"type\":\"TIMESTAMP\"}]",
            "schema_foreign_type_info": [],
            "self_link": "https://bigquery.googleapis.com/bigquery/v2/projects/heroic-footing-446621-d9/datasets/intermediate/tables/fees_transformed",
            "table_constraints": [],
            "table_id": "fees_transformed",
            "table_metadata_view": null,
            "table_replication_info": [],
            "terraform_labels": {
              "goog-terraform-provisioned": "true"
            },
            "time_partitioning": [],
            "type": "TABLE",
            "view": []
          },
          "sensitive_attributes": [],
          "private": "bnVsbA==",
          "dependencies": [
            "google_bigquery_dataset.layers"
          ]
        }
      ]
    },
    {
      "mode": "managed",
      "type": "google_storage_bucket",
      "name": "csv_bucket",
      "provider": "provider[\"registry.terraform.io/hashicorp/google\"]",
      "instances": [
        {
          "schema_version": 4,
          "attributes": {
            "autoclass": [],
            "cors": [],
            "custom_placement_config": [],
            "default_event_based_hold": false,
            "effective_labels": {
              "env": "dev",
              "goog-terraform-provisioned": "true",
              "layer": "raw",
              "purpose": "csv-ingestion"
            },
            "enable_object_retention": false,
            "encryption": [],
            "force_destroy": true,
            "hierarchical_namespace": [
              {
                "enabled": false
              }
            ],
            "id": "source_extract",
            "ip_filter": [],
            "labels": {
              "env": "dev",
              "layer": "raw",
              "purpose": "csv-ingestion"
            },
            "lifecycle_rule": [],
            "location": "US",
            "logging": [],
            "name": "source_extract",
            "project": "heroic-footing-446621-d9",
            "project_number": 612551050440,
            "public_access_prevention": "inherited",
            "requester_pays": false,
            "retention_policy": [],
            "rpo": "DEFAULT",
            "self_link": "https://www.googleapis.com/storage/v1/b/source_extract",
            "soft_delete_policy": [
              {
                "effective_time": "2025-12-15T20:53:59.742Z",
                "retention_duration_seconds": 604800
              }
            ],
            "storage_class": "STANDARD",
            "terraform_labels": {
              "env": "dev",
              "goog-terraform-provisioned": "true",
              "layer": "raw",
              "purpose": "csv-ingestion"
            },
            "time_created": "2025-12-15T20:53:59.742Z",
            "timeouts": null,
            "uniform_bucket_level_access": true,
            "updated": "2025-12-15T20:56:00.402Z",
            "url": "gs://source_extract",
            "versioning": [
              {
                "enabled": true
              }
            ],
            "website": []
          },
          "sensitive_attributes": [],
          "private": "eyJlMmJmYjczMC1lY2FhLTExZTYtOGY4OC0zNDM2M2JjN2M0YzAiOnsiY3JlYXRlIjo2MDAwMDAwMDAwMDAsInJlYWQiOjI0MDAwMDAwMDAwMCwidXBkYXRlIjoyNDAwMDAwMDAwMDB9LCJzY2hlbWFfdmVyc2lvbiI6IjQifQ=="
        }
      ]
    },
    {
      "mode": "managed",
      "type": "google_storage_bucket_iam_member",
      "name": "dts_bucket_access",
      "provider": "provider[\"registry.terraform.io/hashicorp/google\"]",
      "instances": [
        {
          "schema_version": 0,
          "attributes": {
            "bucket": "b/source_extract",
            "condition": [],
            "etag": "CAM=",
            "id": "b/source_extract/roles/storage.objectViewer/serviceAccount:service-612551050440@gcp-sa-bigquerydatatransfer.iam.gserviceaccount.com",
            "member": "serviceAccount:service-612551050440@gcp-sa-bigquerydatatransfer.iam.gserviceaccount.com",
            "role": "roles/storage.objectViewer",
            "timeouts": null
          },
          "sensitive_attributes": [],
          "private": "eyJlMmJmYjczMC1lY2FhLTExZTYtOGY4OC0zNDM2M2JjN2M0YzAiOnsiY3JlYXRlIjoxMjAwMDAwMDAwMDAwfX0="
        }
      ]
    },
    {
      "mode": "managed",
      "type": "google_storage_bucket_iam_member",
      "name": "ingestor",
      "provider": "provider[\"registry.terraform.io/hashicorp/google\"]",
      "instances": [
        {
          "schema_version": 0,
          "attributes": {
            "bucket": "b/source_extract",
            "condition": [],
            "etag": "CAM=",
            "id": "b/source_extract/roles/storage.objectAdmin/serviceAccount:bp-gcs@heroic-footing-446621-d9.iam.gserviceaccount.com",
            "member": "serviceAccount:bp-gcs@heroic-footing-446621-d9.iam.gserviceaccount.com",
            "role": "roles/storage.objectAdmin",
            "timeouts": null
          },
          "sensitive_attributes": [],
          "private": "eyJlMmJmYjczMC1lY2FhLTExZTYtOGY4OC0zNDM2M2JjN2M0YzAiOnsiY3JlYXRlIjoxMjAwMDAwMDAwMDAwfX0=",
          "dependencies": [
            "google_storage_bucket.csv_bucket"
          ]
        }
      ]
    }
  ],
  "check_results": null
}
